
Microsoft Visual Studio Solution File, Format Version 12.00
# Visual Studio 14
VisualStudioVersion = 14.0.25420.1
MinimumVisualStudioVersion = 10.0.40219.1
Project("{FAE04EC0-301F-11D3-BF4B-00C04F79EFBC}") = "Soccer.Android", "Soccer\Soccer.Android\Soccer.Android.csproj", "{C4596D67-7298-475D-8B21-5706A4F36BF9}"
EndProject
Project("{FAE04EC0-301F-11D3-BF4B-00C04F79EFBC}") = "Soccer", "Soccer\Soccer\Soccer.csproj", "{7B35BAD2-922A-49D0-8BD1-F80630971BEF}"
EndProject
Project("{FAE04EC0-301F-11D3-BF4B-00C04F79EFBC}") = "Soccer.iOS", "Soccer\Soccer.iOS\Soccer.iOS.csproj", "{145E0B43-704E-498B-905E-C3036419332E}"
EndProject
Global
	GlobalSection(SolutionConfigurationPlatforms) = preSolution
		Ad-Hoc|Any CPU = Ad-Hoc|Any CPU
		Ad-Hoc|iPhone = Ad-Hoc|iPhone
		Ad-Hoc|iPhoneSimulator = Ad-Hoc|iPhoneSimulator
		AppStore|Any CPU = AppStore|Any CPU
		AppStore|iPhone = AppStore|iPhone
		AppStore|iPhoneSimulator = AppStore|iPhoneSimulator
		Debug|Any CPU = Debug|Any CPU
		Debug|iPhone = Debug|iPhone
		Debug|iPhoneSimulator = Debug|iPhoneSimulator
		Release|Any CPU = Release|Any CPU
		Release|iPhone = Release|iPhone
		Release|iPhoneSimulator = Release|iPhoneSimulator
	EndGlobalSection
	GlobalSection(ProjectConfigurationPlatforms) = postSolution
		{C4596D67-7298-475D-8B21-5706A4F36BF9}.Ad-Hoc|Any CPU.ActiveCfg = Release|Any CPU
		{C4596D67-7298-475D-8B21-5706A4F36BF9}.Ad-Hoc|Any CPU.Build.0 = Release|Any CPU
		{C4596D67-7298-475D-8B21-5706A4F36BF9}.Ad-Hoc|Any CPU.Deploy.0 = Release|Any CPU
		{C4596D67-7298-475D-8B21-5706A4F36BF9}.Ad-Hoc|iPhone.ActiveCfg = Release|Any CPU
		{C4596D67-7298-475D-8B21-5706A4F36BF9}.Ad-Hoc|iPhone.Build.0 = Release|Any CPU
		{C4596D67-7298-475D-8B21-5706A4F36BF9}.Ad-Hoc|iPhone.Deploy.0 = Release|Any CPU
		{C4596D67-7298-475D-8B21-5706A4F36BF9}.Ad-Hoc|iPhoneSimulator.ActiveCfg = Release|Any CPU
		{C4596D67-7298-475D-8B21-5706A4F36BF9}.Ad-Hoc|iPhoneSimulator.Build.0 = Release|Any CPU
		{C4596D67-7298-475D-8B21-5706A4F36BF9}.Ad-Hoc|iPhoneSimulator.Deploy.0 = Release|Any CPU
		{C4596D67-7298-475D-8B21-5706A4F36BF9}.AppStore|Any CPU.ActiveCfg = Release|Any CPU
		{C4596D67-7298-475D-8B21-5706A4F36BF9}.AppStore|Any CPU.Build.0 = Release|Any CPU
		{C4596D67-7298-475D-8B21-5706A4F36BF9}.AppStore|Any CPU.Deploy.0 = Release|Any CPU
		{C4596D67-7298-475D-8B21-5706A4F36BF9}.AppStore|iPhone.ActiveCfg = Release|Any CPU
		{C4596D67-7298-475D-8B21-5706A4F36BF9}.AppStore|iPhone.Build.0 = Release|Any CPU
		{C4596D67-7298-475D-8B21-5706A4F36BF9}.AppStore|iPhone.Deploy.0 = Release|Any CPU
		{C4596D67-7298-475D-8B21-5706A4F36BF9}.AppStore|iPhoneSimulator.ActiveCfg = Release|Any CPU
		{C4596D67-7298-475D-8B21-5706A4F36BF9}.AppStore|iPhoneSimulator.Build.0 = Release|Any CPU
		{C4596D67-7298-475D-8B21-5706A4F36BF9}.AppStore|iPhoneSimulator.Deploy.0 = Release|Any CPU
		{C4596D67-7298-475D-8B21-5706A4F36BF9}.Debug|Any CPU.ActiveCfg = Debug|Any CPU
		{C4596D67-7298-475D-8B21-5706A4F36BF9}.Debug|Any CPU.Build.0 = Debug|Any CPU
		{C4596D67-7298-475D-8B21-5706A4F36BF9}.Debug|Any CPU.Deploy.0 = Debug|Any CPU
		{C4596D67-7298-475D-8B21-5706A4F36BF9}.Debug|iPhone.ActiveCfg = Debug|Any CPU
		{C4596D67-7298-475D-8B21-5706A4F36BF9}.Debug|iPhone.Build.0 = Debug|Any CPU
		{C4596D67-7298-475D-8B21-5706A4F36BF9}.Debug|iPhone.Deploy.0 = Debug|Any CPU
		{C4596D67-7298-475D-8B21-5706A4F36BF9}.Debug|iPhoneSimulator.ActiveCfg = Debug|Any CPU
		{C4596D67-7298-475D-8B21-5706A4F36BF9}.Debug|iPhoneSimulator.Build.0 = Debug|Any CPU
		{C4596D67-7298-475D-8B21-5706A4F36BF9}.Debug|iPhoneSimulator.Deploy.0 = Debug|Any CPU
		{C4596D67-7298-475D-8B21-5706A4F36BF9}.Release|Any CPU.ActiveCfg = Release|Any CPU
		{C4596D67-7298-475D-8B21-5706A4F36BF9}.Release|Any CPU.Build.0 = Release|Any CPU
		{C4596D67-7298-475D-8B21-5706A4F36BF9}.Release|Any CPU.Deploy.0 = Release|Any CPU
		{C4596D67-7298-475D-8B21-5706A4F36BF9}.Release|iPhone.ActiveCfg = Release|Any CPU
		{C4596D67-7298-475D-8B21-5706A4F36BF9}.Release|iPhone.Build.0 = Release|Any CPU
		{C4596D67-7298-475D-8B21-5706A4F36BF9}.Release|iPhone.Deploy.0 = Release|Any CPU
		{C4596D67-7298-475D-8B21-5706A4F36BF9}.Release|iPhoneSimulator.ActiveCfg = Release|Any CPU
		{C4596D67-7298-475D-8B21-5706A4F36BF9}.Release|iPhoneSimulator.Build.0 = Release|Any CPU
		{C4596D67-7298-475D-8B21-5706A4F36BF9}.Release|iPhoneSimulator.Deploy.0 = Release|Any CPU
		{7B35BAD2-922A-49D0-8BD1-F80630971BEF}.Ad-Hoc|Any CPU.ActiveCfg = Release|Any CPU
		{7B35BAD2-922A-49D0-8BD1-F80630971BEF}.Ad-Hoc|Any CPU.Build.0 = Release|Any CPU
		{7B35BAD2-922A-49D0-8BD1-F80630971BEF}.Ad-Hoc|iPhone.ActiveCfg = Release|Any CPU
		{7B35BAD2-922A-49D0-8BD1-F80630971BEF}.Ad-Hoc|iPhone.Build.0 = Release|Any CPU
		{7B35BAD2-922A-49D0-8BD1-F80630971BEF}.Ad-Hoc|iPhoneSimulator.ActiveCfg = Release|Any CPU
		{7B35BAD2-922A-49D0-8BD1-F80630971BEF}.Ad-Hoc|iPhoneSimulator.Build.0 = Release|Any CPU
		{7B35BAD2-922A-49D0-8BD1-F80630971BEF}.AppStore|Any CPU.ActiveCfg = Release|Any CPU
		{7B35BAD2-922A-49D0-8BD1-F80630971BEF}.AppStore|Any CPU.Build.0 = Release|Any CPU
		{7B35BAD2-922A-49D0-8BD1-F80630971BEF}.AppStore|iPhone.ActiveCfg = Release|Any CPU
		{7B35BAD2-922A-49D0-8BD1-F80630971BEF}.AppStore|iPhone.Build.0 = Release|Any CPU
		{7B35BAD2-922A-49D0-8BD1-F80630971BEF}.AppStore|iPhoneSimulator.ActiveCfg = Release|Any CPU
		{7B35BAD2-922A-49D0-8BD1-F80630971BEF}.AppStore|iPhoneSimulator.Build.0 = Release|Any CPU
		{7B35BAD2-922A-49D0-8BD1-F80630971BEF}.Debug|Any CPU.ActiveCfg = Debug|Any CPU
		{7B35BAD2-922A-49D0-8BD1-F80630971BEF}.Debug|Any CPU.Build.0 = Debug|Any CPU
		{7B35BAD2-922A-49D0-8BD1-F80630971BEF}.Debug|iPhone.ActiveCfg = Debug|Any CPU
		{7B35BAD2-922A-49D0-8BD1-F80630971BEF}.Debug|iPhone.Build.0 = Debug|Any CPU
		{7B35BAD2-922A-49D0-8BD1-F80630971BEF}.Debug|iPhoneSimulator.ActiveCfg = Debug|Any CPU
		{7B35BAD2-922A-49D0-8BD1-F80630971BEF}.Debug|iPhoneSimulator.Build.0 = Debug|Any CPU
		{7B35BAD2-922A-49D0-8BD1-F80630971BEF}.Release|Any CPU.ActiveCfg = Release|Any CPU
		{7B35BAD2-922A-49D0-8BD1-F80630971BEF}.Release|Any CPU.Build.0 = Release|Any CPU
		{7B35BAD2-922A-49D0-8BD1-F80630971BEF}.Release|iPhone.ActiveCfg = Release|Any CPU
		{7B35BAD2-922A-49D0-8BD1-F80630971BEF}.Release|iPhone.Build.0 = Release|Any CPU
		{7B35BAD2-922A-49D0-8BD1-F80630971BEF}.Release|iPhoneSimulator.ActiveCfg = Release|Any CPU
		{7B35BAD2-922A-49D0-8BD1-F80630971BEF}.Release|iPhoneSimulator.Build.0 = Release|Any CPU
		{145E0B43-704E-498B-905E-C3036419332E}.Ad-Hoc|Any CPU.ActiveCfg = Ad-Hoc|iPhone
		{145E0B43-704E-498B-905E-C3036419332E}.Ad-Hoc|iPhone.ActiveCfg = Ad-Hoc|iPhone
		{145E0B43-704E-498B-905E-C3036419332E}.Ad-Hoc|iPhone.Build.0 = Ad-Hoc|iPhone
		{145E0B43-704E-498B-905E-C3036419332E}.Ad-Hoc|iPhoneSimulator.ActiveCfg = Ad-Hoc|iPhoneSimulator
		{145E0B43-704E-498B-905E-C3036419332E}.Ad-Hoc|iPhoneSimulator.Build.0 = Ad-Hoc|iPhoneSimulator
		{145E0B43-704E-498B-905E-C3036419332E}.AppStore|Any CPU.ActiveCfg = AppStore|iPhone
		{145E0B43-704E-498B-905E-C3036419332E}.AppStore|iPhone.ActiveCfg = AppStore|iPhone
		{145E0B43-704E-498B-905E-C3036419332E}.AppStore|iPhone.Build.0 = AppStore|iPhone
		{145E0B43-704E-498B-905E-C3036419332E}.AppStore|iPhoneSimulator.ActiveCfg = AppStore|iPhoneSimulator
		{145E0B43-704E-498B-905E-C3036419332E}.AppStore|iPhoneSimulator.Build.0 = AppStore|iPhoneSimulator
		{145E0B43-704E-498B-905E-C3036419332E}.Debug|Any CPU.ActiveCfg = Debug|iPhone
		{145E0B43-704E-498B-905E-C3036419332E}.Debug|iPhone.ActiveCfg = Debug|iPhone
		{145E0B43-704E-498B-905E-C3036419332E}.Debug|iPhone.Build.0 = Debug|iPhone
		{145E0B43-704E-498B-905E-C3036419332E}.Debug|iPhoneSimulator.ActiveCfg = Debug|iPhoneSimulator
		{145E0B43-704E-498B-905E-C3036419332E}.Debug|iPhoneSimulator.Build.0 = Debug|iPhoneSimulator
		{145E0B43-704E-498B-905E-C3036419332E}.Release|Any CPU.ActiveCfg = Release|iPhone
		{145E0B43-704E-498B-905E-C3036419332E}.Release|iPhone.ActiveCfg = Release|iPhone
		{145E0B43-704E-498B-905E-C3036419332E}.Release|iPhone.Build.0 = Release|iPhone
		{145E0B43-704E-498B-905E-C3036419332E}.Release|iPhoneSimulator.ActiveCfg = Release|iPhoneSimulator
		{145E0B43-704E-498B-905E-C3036419332E}.Release|iPhoneSimulator.Build.0 = Release|iPhoneSimulator
	EndGlobalSection
	GlobalSection(SolutionProperties) = preSolution
		HideSolutionNode = FALSE
	EndGlobalSection
EndGlobal
